// !$*UTF8*$!
{
	archiveVersion = 1;
	classes = {
	};
	objectVersion = 46;
	objects = {

/* Begin PBXBuildFile section */
		BC01C1EC18DDF4D30056DB22 /* GameGrid.m in Sources */ = {isa = PBXBuildFile; fileRef = BC01C1EB18DDF4D30056DB22 /* GameGrid.m */; };
		BC01C1EF18DDF4FD0056DB22 /* GridWall.m in Sources */ = {isa = PBXBuildFile; fileRef = BC01C1EE18DDF4FD0056DB22 /* GridWall.m */; };
		BC01C1F218DE4E230056DB22 /* Obstacle.m in Sources */ = {isa = PBXBuildFile; fileRef = BC01C1F118DE4E230056DB22 /* Obstacle.m */; };
		BC01C1F518DF4D300056DB22 /* Portal.m in Sources */ = {isa = PBXBuildFile; fileRef = BC01C1F418DF4D300056DB22 /* Portal.m */; };
		BC01C1F718DF78BB0056DB22 /* nebula.fsh in Resources */ = {isa = PBXBuildFile; fileRef = BC01C1F618DF78BB0056DB22 /* nebula.fsh */; };
		BC01C1F918DF7E960056DB22 /* fire.fsh in Resources */ = {isa = PBXBuildFile; fileRef = BC01C1F818DF7E960056DB22 /* fire.fsh */; };
		BC01C1FD18DFB60D0056DB22 /* PointMass.m in Sources */ = {isa = PBXBuildFile; fileRef = BC01C1FC18DFB60D0056DB22 /* PointMass.m */; };
		BC0AC37B18DA558900EDC64A /* glow.png in Resources */ = {isa = PBXBuildFile; fileRef = BC0AC37A18DA558900EDC64A /* glow.png */; };
		BC0AC37D18DA714F00EDC64A /* item_powerup_fish.png in Resources */ = {isa = PBXBuildFile; fileRef = BC0AC37C18DA714F00EDC64A /* item_powerup_fish.png */; };
		BC1B38D518CE2D87004CA208 /* Foundation.framework in Frameworks */ = {isa = PBXBuildFile; fileRef = BC1B38D418CE2D87004CA208 /* Foundation.framework */; };
		BC1B38D718CE2D87004CA208 /* CoreGraphics.framework in Frameworks */ = {isa = PBXBuildFile; fileRef = BC1B38D618CE2D87004CA208 /* CoreGraphics.framework */; };
		BC1B38D918CE2D87004CA208 /* UIKit.framework in Frameworks */ = {isa = PBXBuildFile; fileRef = BC1B38D818CE2D87004CA208 /* UIKit.framework */; };
		BC1B38DB18CE2D87004CA208 /* GLKit.framework in Frameworks */ = {isa = PBXBuildFile; fileRef = BC1B38DA18CE2D87004CA208 /* GLKit.framework */; };
		BC1B38DD18CE2D87004CA208 /* OpenGLES.framework in Frameworks */ = {isa = PBXBuildFile; fileRef = BC1B38DC18CE2D87004CA208 /* OpenGLES.framework */; };
		BC1B38E318CE2D87004CA208 /* InfoPlist.strings in Resources */ = {isa = PBXBuildFile; fileRef = BC1B38E118CE2D87004CA208 /* InfoPlist.strings */; };
		BC1B38E518CE2D87004CA208 /* main.m in Sources */ = {isa = PBXBuildFile; fileRef = BC1B38E418CE2D87004CA208 /* main.m */; };
		BC1B38E918CE2D87004CA208 /* AppDelegate.m in Sources */ = {isa = PBXBuildFile; fileRef = BC1B38E818CE2D87004CA208 /* AppDelegate.m */; };
		BC1B38EC18CE2D87004CA208 /* Main.storyboard in Resources */ = {isa = PBXBuildFile; fileRef = BC1B38EA18CE2D87004CA208 /* Main.storyboard */; };
		BC1B38EE18CE2D87004CA208 /* Shader.fsh in Resources */ = {isa = PBXBuildFile; fileRef = BC1B38ED18CE2D87004CA208 /* Shader.fsh */; };
		BC1B38F018CE2D87004CA208 /* Shader.vsh in Resources */ = {isa = PBXBuildFile; fileRef = BC1B38EF18CE2D87004CA208 /* Shader.vsh */; };
		BC1B38F318CE2D87004CA208 /* ViewController.m in Sources */ = {isa = PBXBuildFile; fileRef = BC1B38F218CE2D87004CA208 /* ViewController.m */; };
		BC1B38F518CE2D87004CA208 /* Images.xcassets in Resources */ = {isa = PBXBuildFile; fileRef = BC1B38F418CE2D87004CA208 /* Images.xcassets */; };
		BC1B38FC18CE2D87004CA208 /* XCTest.framework in Frameworks */ = {isa = PBXBuildFile; fileRef = BC1B38FB18CE2D87004CA208 /* XCTest.framework */; };
		BC1B38FD18CE2D87004CA208 /* Foundation.framework in Frameworks */ = {isa = PBXBuildFile; fileRef = BC1B38D418CE2D87004CA208 /* Foundation.framework */; };
		BC1B38FE18CE2D87004CA208 /* UIKit.framework in Frameworks */ = {isa = PBXBuildFile; fileRef = BC1B38D818CE2D87004CA208 /* UIKit.framework */; };
		BC1B390618CE2D87004CA208 /* InfoPlist.strings in Resources */ = {isa = PBXBuildFile; fileRef = BC1B390418CE2D87004CA208 /* InfoPlist.strings */; };
		BC1B390818CE2D87004CA208 /* carpusTests.m in Sources */ = {isa = PBXBuildFile; fileRef = BC1B390718CE2D87004CA208 /* carpusTests.m */; };
		BC1B391318CE34AC004CA208 /* GraphicsCircle.m in Sources */ = {isa = PBXBuildFile; fileRef = BC1B391218CE34AC004CA208 /* GraphicsCircle.m */; };
		BC1B391618CE367B004CA208 /* Particle.m in Sources */ = {isa = PBXBuildFile; fileRef = BC1B391518CE367B004CA208 /* Particle.m */; };
		BC1B391918CE3744004CA208 /* Vector2D.m in Sources */ = {isa = PBXBuildFile; fileRef = BC1B391818CE3744004CA208 /* Vector2D.m */; };
		BC688B0218D664140093E33B /* Influencer.m in Sources */ = {isa = PBXBuildFile; fileRef = BC688B0118D664140093E33B /* Influencer.m */; };
		BC688B0418D8B9770093E33B /* fastblur.vsh in Resources */ = {isa = PBXBuildFile; fileRef = BC688B0318D8B9770093E33B /* fastblur.vsh */; };
		BC688B0618D8B9950093E33B /* fastblur.fsh in Resources */ = {isa = PBXBuildFile; fileRef = BC688B0518D8B9950093E33B /* fastblur.fsh */; };
		BC688B0918D904EE0093E33B /* BackgroundGrid.m in Sources */ = {isa = PBXBuildFile; fileRef = BC688B0818D904EE0093E33B /* BackgroundGrid.m */; };
		BC688B0C18D906460093E33B /* Bucket.m in Sources */ = {isa = PBXBuildFile; fileRef = BC688B0B18D906460093E33B /* Bucket.m */; };
		BC688B0F18D90E670093E33B /* GraphicsBucket.m in Sources */ = {isa = PBXBuildFile; fileRef = BC688B0E18D90E670093E33B /* GraphicsBucket.m */; };
		BC688B1518D950CB0093E33B /* ParticleSystem.m in Sources */ = {isa = PBXBuildFile; fileRef = BC688B1418D950CB0093E33B /* ParticleSystem.m */; };
		BC688B1818D9518A0093E33B /* GameColor.m in Sources */ = {isa = PBXBuildFile; fileRef = BC688B1718D9518A0093E33B /* GameColor.m */; };
		BC688B1B18DA36B40093E33B /* GraphicsLine.m in Sources */ = {isa = PBXBuildFile; fileRef = BC688B1A18DA36B40093E33B /* GraphicsLine.m */; };
		BCAA521818DFB84A00CAF556 /* Spring.m in Sources */ = {isa = PBXBuildFile; fileRef = BCAA521718DFB84A00CAF556 /* Spring.m */; };
		BCAA521B18E023B700CAF556 /* GraphicsWarpGridLine.m in Sources */ = {isa = PBXBuildFile; fileRef = BCAA521A18E023B700CAF556 /* GraphicsWarpGridLine.m */; };
		BCDBAFD418CE928B00058B7E /* Source.m in Sources */ = {isa = PBXBuildFile; fileRef = BCDBAFD318CE928A00058B7E /* Source.m */; };
		BCDBAFD718CE92E000058B7E /* Rectangle.m in Sources */ = {isa = PBXBuildFile; fileRef = BCDBAFD618CE92E000058B7E /* Rectangle.m */; };
		BCDBAFDC18CEA0FD00058B7E /* GraphicsRectangle.m in Sources */ = {isa = PBXBuildFile; fileRef = BCDBAFDB18CEA0FD00058B7E /* GraphicsRectangle.m */; };
		BCDBAFDF18CEE92E00058B7E /* Simulation.m in Sources */ = {isa = PBXBuildFile; fileRef = BCDBAFDE18CEE92E00058B7E /* Simulation.m */; };
		BCDBB02B18CFA6A200058B7E /* Camera.m in Sources */ = {isa = PBXBuildFile; fileRef = BCDBB02A18CFA6A200058B7E /* Camera.m */; };
		BCDBB02E18CFC59F00058B7E /* GraphicsTrace.m in Sources */ = {isa = PBXBuildFile; fileRef = BCDBB02D18CFC59F00058B7E /* GraphicsTrace.m */; };
		BCDBB03818D1758E00058B7E /* basic.fsh in Resources */ = {isa = PBXBuildFile; fileRef = BCDBB03518D1758E00058B7E /* basic.fsh */; };
		BCDBB03918D1758E00058B7E /* basic.vsh in Resources */ = {isa = PBXBuildFile; fileRef = BCDBB03618D1758E00058B7E /* basic.vsh */; };
		BCDBB03A18D1758E00058B7E /* hblur.fsh in Resources */ = {isa = PBXBuildFile; fileRef = BCDBB03718D1758E00058B7E /* hblur.fsh */; };
		BCDBB03C18D2107D00058B7E /* basicTexture.fsh in Resources */ = {isa = PBXBuildFile; fileRef = BCDBB03B18D2107D00058B7E /* basicTexture.fsh */; };
		BCDBB03E18D2109700058B7E /* basicTexture.vsh in Resources */ = {isa = PBXBuildFile; fileRef = BCDBB03D18D2109700058B7E /* basicTexture.vsh */; };
		BCDBB04118D219A400058B7E /* GraphicsQuad.m in Sources */ = {isa = PBXBuildFile; fileRef = BCDBB04018D219A400058B7E /* GraphicsQuad.m */; };
		BCDBB04318D21EB800058B7E /* tile_floor.png in Resources */ = {isa = PBXBuildFile; fileRef = BCDBB04218D21EB800058B7E /* tile_floor.png */; };
		BCDBB04518D25B7B00058B7E /* blur.vsh in Resources */ = {isa = PBXBuildFile; fileRef = BCDBB04418D25B7B00058B7E /* blur.vsh */; };
		BCDBB04718D25F3E00058B7E /* vblur.fsh in Resources */ = {isa = PBXBuildFile; fileRef = BCDBB04618D25F3E00058B7E /* vblur.fsh */; };
		BCDBB04A18D2F26100058B7E /* Sink.m in Sources */ = {isa = PBXBuildFile; fileRef = BCDBB04918D2F26100058B7E /* Sink.m */; };
		BCDBB04D18D3955500058B7E /* GraphicsCircleOutline.m in Sources */ = {isa = PBXBuildFile; fileRef = BCDBB04C18D3955500058B7E /* GraphicsCircleOutline.m */; };
		BCDBB05018D3A4BE00058B7E /* GraphicsArc.m in Sources */ = {isa = PBXBuildFile; fileRef = BCDBB04F18D3A4BE00058B7E /* GraphicsArc.m */; };
/* End PBXBuildFile section */

/* Begin PBXContainerItemProxy section */
		BC1B38FF18CE2D87004CA208 /* PBXContainerItemProxy */ = {
			isa = PBXContainerItemProxy;
			containerPortal = BC1B38C918CE2D87004CA208 /* Project object */;
			proxyType = 1;
			remoteGlobalIDString = BC1B38D018CE2D87004CA208;
			remoteInfo = carpus;
		};
/* End PBXContainerItemProxy section */

/* Begin PBXFileReference section */
		BC01C1EA18DDF4D30056DB22 /* GameGrid.h */ = {isa = PBXFileReference; fileEncoding = 4; lastKnownFileType = sourcecode.c.h; path = GameGrid.h; sourceTree = "<group>"; };
		BC01C1EB18DDF4D30056DB22 /* GameGrid.m */ = {isa = PBXFileReference; fileEncoding = 4; lastKnownFileType = sourcecode.c.objc; path = GameGrid.m; sourceTree = "<group>"; };
		BC01C1ED18DDF4FD0056DB22 /* GridWall.h */ = {isa = PBXFileReference; fileEncoding = 4; lastKnownFileType = sourcecode.c.h; path = GridWall.h; sourceTree = "<group>"; };
		BC01C1EE18DDF4FD0056DB22 /* GridWall.m */ = {isa = PBXFileReference; fileEncoding = 4; lastKnownFileType = sourcecode.c.objc; path = GridWall.m; sourceTree = "<group>"; };
		BC01C1F018DE4E230056DB22 /* Obstacle.h */ = {isa = PBXFileReference; fileEncoding = 4; lastKnownFileType = sourcecode.c.h; path = Obstacle.h; sourceTree = "<group>"; };
		BC01C1F118DE4E230056DB22 /* Obstacle.m */ = {isa = PBXFileReference; fileEncoding = 4; lastKnownFileType = sourcecode.c.objc; path = Obstacle.m; sourceTree = "<group>"; };
		BC01C1F318DF4D300056DB22 /* Portal.h */ = {isa = PBXFileReference; fileEncoding = 4; lastKnownFileType = sourcecode.c.h; path = Portal.h; sourceTree = "<group>"; };
		BC01C1F418DF4D300056DB22 /* Portal.m */ = {isa = PBXFileReference; fileEncoding = 4; lastKnownFileType = sourcecode.c.objc; path = Portal.m; sourceTree = "<group>"; };
		BC01C1F618DF78BB0056DB22 /* nebula.fsh */ = {isa = PBXFileReference; fileEncoding = 4; lastKnownFileType = sourcecode.glsl; path = nebula.fsh; sourceTree = "<group>"; };
		BC01C1F818DF7E960056DB22 /* fire.fsh */ = {isa = PBXFileReference; fileEncoding = 4; lastKnownFileType = sourcecode.glsl; path = fire.fsh; sourceTree = "<group>"; };
		BC01C1FB18DFB60D0056DB22 /* PointMass.h */ = {isa = PBXFileReference; fileEncoding = 4; lastKnownFileType = sourcecode.c.h; path = PointMass.h; sourceTree = "<group>"; };
		BC01C1FC18DFB60D0056DB22 /* PointMass.m */ = {isa = PBXFileReference; fileEncoding = 4; lastKnownFileType = sourcecode.c.objc; path = PointMass.m; sourceTree = "<group>"; };
		BC0AC37A18DA558900EDC64A /* glow.png */ = {isa = PBXFileReference; lastKnownFileType = image.png; path = glow.png; sourceTree = "<group>"; };
		BC0AC37C18DA714F00EDC64A /* item_powerup_fish.png */ = {isa = PBXFileReference; lastKnownFileType = image.png; path = item_powerup_fish.png; sourceTree = "<group>"; };
		BC1B38D118CE2D87004CA208 /* carpus.app */ = {isa = PBXFileReference; explicitFileType = wrapper.application; includeInIndex = 0; path = carpus.app; sourceTree = BUILT_PRODUCTS_DIR; };
		BC1B38D418CE2D87004CA208 /* Foundation.framework */ = {isa = PBXFileReference; lastKnownFileType = wrapper.framework; name = Foundation.framework; path = System/Library/Frameworks/Foundation.framework; sourceTree = SDKROOT; };
		BC1B38D618CE2D87004CA208 /* CoreGraphics.framework */ = {isa = PBXFileReference; lastKnownFileType = wrapper.framework; name = CoreGraphics.framework; path = System/Library/Frameworks/CoreGraphics.framework; sourceTree = SDKROOT; };
		BC1B38D818CE2D87004CA208 /* UIKit.framework */ = {isa = PBXFileReference; lastKnownFileType = wrapper.framework; name = UIKit.framework; path = System/Library/Frameworks/UIKit.framework; sourceTree = SDKROOT; };
		BC1B38DA18CE2D87004CA208 /* GLKit.framework */ = {isa = PBXFileReference; lastKnownFileType = wrapper.framework; name = GLKit.framework; path = System/Library/Frameworks/GLKit.framework; sourceTree = SDKROOT; };
		BC1B38DC18CE2D87004CA208 /* OpenGLES.framework */ = {isa = PBXFileReference; lastKnownFileType = wrapper.framework; name = OpenGLES.framework; path = System/Library/Frameworks/OpenGLES.framework; sourceTree = SDKROOT; };
		BC1B38E018CE2D87004CA208 /* carpus-Info.plist */ = {isa = PBXFileReference; lastKnownFileType = text.plist.xml; path = "carpus-Info.plist"; sourceTree = "<group>"; };
		BC1B38E218CE2D87004CA208 /* en */ = {isa = PBXFileReference; lastKnownFileType = text.plist.strings; name = en; path = en.lproj/InfoPlist.strings; sourceTree = "<group>"; };
		BC1B38E418CE2D87004CA208 /* main.m */ = {isa = PBXFileReference; lastKnownFileType = sourcecode.c.objc; path = main.m; sourceTree = "<group>"; };
		BC1B38E618CE2D87004CA208 /* carpus-Prefix.pch */ = {isa = PBXFileReference; lastKnownFileType = sourcecode.c.h; path = "carpus-Prefix.pch"; sourceTree = "<group>"; };
		BC1B38E718CE2D87004CA208 /* AppDelegate.h */ = {isa = PBXFileReference; lastKnownFileType = sourcecode.c.h; path = AppDelegate.h; sourceTree = "<group>"; };
		BC1B38E818CE2D87004CA208 /* AppDelegate.m */ = {isa = PBXFileReference; lastKnownFileType = sourcecode.c.objc; path = AppDelegate.m; sourceTree = "<group>"; };
		BC1B38EB18CE2D87004CA208 /* Base */ = {isa = PBXFileReference; lastKnownFileType = file.storyboard; name = Base; path = Base.lproj/Main.storyboard; sourceTree = "<group>"; };
		BC1B38ED18CE2D87004CA208 /* Shader.fsh */ = {isa = PBXFileReference; lastKnownFileType = sourcecode.glsl; name = Shader.fsh; path = Shaders/Shader.fsh; sourceTree = "<group>"; };
		BC1B38EF18CE2D87004CA208 /* Shader.vsh */ = {isa = PBXFileReference; lastKnownFileType = sourcecode.glsl; name = Shader.vsh; path = Shaders/Shader.vsh; sourceTree = "<group>"; };
		BC1B38F118CE2D87004CA208 /* ViewController.h */ = {isa = PBXFileReference; lastKnownFileType = sourcecode.c.h; path = ViewController.h; sourceTree = "<group>"; };
		BC1B38F218CE2D87004CA208 /* ViewController.m */ = {isa = PBXFileReference; lastKnownFileType = sourcecode.c.objc; path = ViewController.m; sourceTree = "<group>"; };
		BC1B38F418CE2D87004CA208 /* Images.xcassets */ = {isa = PBXFileReference; lastKnownFileType = folder.assetcatalog; path = Images.xcassets; sourceTree = "<group>"; };
		BC1B38FA18CE2D87004CA208 /* carpusTests.xctest */ = {isa = PBXFileReference; explicitFileType = wrapper.cfbundle; includeInIndex = 0; path = carpusTests.xctest; sourceTree = BUILT_PRODUCTS_DIR; };
		BC1B38FB18CE2D87004CA208 /* XCTest.framework */ = {isa = PBXFileReference; lastKnownFileType = wrapper.framework; name = XCTest.framework; path = Library/Frameworks/XCTest.framework; sourceTree = DEVELOPER_DIR; };
		BC1B390318CE2D87004CA208 /* carpusTests-Info.plist */ = {isa = PBXFileReference; lastKnownFileType = text.plist.xml; path = "carpusTests-Info.plist"; sourceTree = "<group>"; };
		BC1B390518CE2D87004CA208 /* en */ = {isa = PBXFileReference; lastKnownFileType = text.plist.strings; name = en; path = en.lproj/InfoPlist.strings; sourceTree = "<group>"; };
		BC1B390718CE2D87004CA208 /* carpusTests.m */ = {isa = PBXFileReference; lastKnownFileType = sourcecode.c.objc; path = carpusTests.m; sourceTree = "<group>"; };
		BC1B391118CE34AC004CA208 /* GraphicsCircle.h */ = {isa = PBXFileReference; fileEncoding = 4; lastKnownFileType = sourcecode.c.h; name = GraphicsCircle.h; path = carpus/GraphicsCircle.h; sourceTree = "<group>"; };
		BC1B391218CE34AC004CA208 /* GraphicsCircle.m */ = {isa = PBXFileReference; fileEncoding = 4; lastKnownFileType = sourcecode.c.objc; name = GraphicsCircle.m; path = carpus/GraphicsCircle.m; sourceTree = "<group>"; };
		BC1B391418CE367B004CA208 /* Particle.h */ = {isa = PBXFileReference; fileEncoding = 4; lastKnownFileType = sourcecode.c.h; path = Particle.h; sourceTree = "<group>"; };
		BC1B391518CE367B004CA208 /* Particle.m */ = {isa = PBXFileReference; fileEncoding = 4; lastKnownFileType = sourcecode.c.objc; path = Particle.m; sourceTree = "<group>"; };
		BC1B391718CE3744004CA208 /* Vector2D.h */ = {isa = PBXFileReference; fileEncoding = 4; lastKnownFileType = sourcecode.c.h; path = Vector2D.h; sourceTree = "<group>"; };
		BC1B391818CE3744004CA208 /* Vector2D.m */ = {isa = PBXFileReference; fileEncoding = 4; lastKnownFileType = sourcecode.c.objc; path = Vector2D.m; sourceTree = "<group>"; };
		BC688B0018D664140093E33B /* Influencer.h */ = {isa = PBXFileReference; fileEncoding = 4; lastKnownFileType = sourcecode.c.h; path = Influencer.h; sourceTree = "<group>"; };
		BC688B0118D664140093E33B /* Influencer.m */ = {isa = PBXFileReference; fileEncoding = 4; lastKnownFileType = sourcecode.c.objc; path = Influencer.m; sourceTree = "<group>"; };
		BC688B0318D8B9770093E33B /* fastblur.vsh */ = {isa = PBXFileReference; fileEncoding = 4; lastKnownFileType = sourcecode.glsl; name = fastblur.vsh; path = ../fastblur.vsh; sourceTree = "<group>"; };
		BC688B0518D8B9950093E33B /* fastblur.fsh */ = {isa = PBXFileReference; fileEncoding = 4; lastKnownFileType = sourcecode.glsl; name = fastblur.fsh; path = ../fastblur.fsh; sourceTree = "<group>"; };
		BC688B0718D904EE0093E33B /* BackgroundGrid.h */ = {isa = PBXFileReference; fileEncoding = 4; lastKnownFileType = sourcecode.c.h; path = BackgroundGrid.h; sourceTree = "<group>"; };
		BC688B0818D904EE0093E33B /* BackgroundGrid.m */ = {isa = PBXFileReference; fileEncoding = 4; lastKnownFileType = sourcecode.c.objc; path = BackgroundGrid.m; sourceTree = "<group>"; };
		BC688B0A18D906460093E33B /* Bucket.h */ = {isa = PBXFileReference; fileEncoding = 4; lastKnownFileType = sourcecode.c.h; path = Bucket.h; sourceTree = "<group>"; };
		BC688B0B18D906460093E33B /* Bucket.m */ = {isa = PBXFileReference; fileEncoding = 4; lastKnownFileType = sourcecode.c.objc; path = Bucket.m; sourceTree = "<group>"; };
		BC688B0D18D90E670093E33B /* GraphicsBucket.h */ = {isa = PBXFileReference; fileEncoding = 4; lastKnownFileType = sourcecode.c.h; path = GraphicsBucket.h; sourceTree = "<group>"; };
		BC688B0E18D90E670093E33B /* GraphicsBucket.m */ = {isa = PBXFileReference; fileEncoding = 4; lastKnownFileType = sourcecode.c.objc; path = GraphicsBucket.m; sourceTree = "<group>"; };
		BC688B1318D950CB0093E33B /* ParticleSystem.h */ = {isa = PBXFileReference; fileEncoding = 4; lastKnownFileType = sourcecode.c.h; path = ParticleSystem.h; sourceTree = "<group>"; };
		BC688B1418D950CB0093E33B /* ParticleSystem.m */ = {isa = PBXFileReference; fileEncoding = 4; lastKnownFileType = sourcecode.c.objc; path = ParticleSystem.m; sourceTree = "<group>"; };
		BC688B1618D9518A0093E33B /* GameColor.h */ = {isa = PBXFileReference; fileEncoding = 4; lastKnownFileType = sourcecode.c.h; path = GameColor.h; sourceTree = "<group>"; };
		BC688B1718D9518A0093E33B /* GameColor.m */ = {isa = PBXFileReference; fileEncoding = 4; lastKnownFileType = sourcecode.c.objc; path = GameColor.m; sourceTree = "<group>"; };
		BC688B1918DA36B40093E33B /* GraphicsLine.h */ = {isa = PBXFileReference; fileEncoding = 4; lastKnownFileType = sourcecode.c.h; path = GraphicsLine.h; sourceTree = "<group>"; };
		BC688B1A18DA36B40093E33B /* GraphicsLine.m */ = {isa = PBXFileReference; fileEncoding = 4; lastKnownFileType = sourcecode.c.objc; path = GraphicsLine.m; sourceTree = "<group>"; };
		BCAA521618DFB84A00CAF556 /* Spring.h */ = {isa = PBXFileReference; fileEncoding = 4; lastKnownFileType = sourcecode.c.h; path = Spring.h; sourceTree = "<group>"; };
		BCAA521718DFB84A00CAF556 /* Spring.m */ = {isa = PBXFileReference; fileEncoding = 4; lastKnownFileType = sourcecode.c.objc; path = Spring.m; sourceTree = "<group>"; };
		BCAA521918E023B700CAF556 /* GraphicsWarpGridLine.h */ = {isa = PBXFileReference; fileEncoding = 4; lastKnownFileType = sourcecode.c.h; path = GraphicsWarpGridLine.h; sourceTree = "<group>"; };
		BCAA521A18E023B700CAF556 /* GraphicsWarpGridLine.m */ = {isa = PBXFileReference; fileEncoding = 4; lastKnownFileType = sourcecode.c.objc; path = GraphicsWarpGridLine.m; sourceTree = "<group>"; };
		BCDBAFD218CE928A00058B7E /* Source.h */ = {isa = PBXFileReference; fileEncoding = 4; lastKnownFileType = sourcecode.c.h; path = Source.h; sourceTree = "<group>"; };
		BCDBAFD318CE928A00058B7E /* Source.m */ = {isa = PBXFileReference; fileEncoding = 4; lastKnownFileType = sourcecode.c.objc; path = Source.m; sourceTree = "<group>"; };
		BCDBAFD518CE92E000058B7E /* Rectangle.h */ = {isa = PBXFileReference; fileEncoding = 4; lastKnownFileType = sourcecode.c.h; path = Rectangle.h; sourceTree = "<group>"; };
		BCDBAFD618CE92E000058B7E /* Rectangle.m */ = {isa = PBXFileReference; fileEncoding = 4; lastKnownFileType = sourcecode.c.objc; path = Rectangle.m; sourceTree = "<group>"; };
		BCDBAFDA18CEA0FD00058B7E /* GraphicsRectangle.h */ = {isa = PBXFileReference; fileEncoding = 4; lastKnownFileType = sourcecode.c.h; path = GraphicsRectangle.h; sourceTree = "<group>"; };
		BCDBAFDB18CEA0FD00058B7E /* GraphicsRectangle.m */ = {isa = PBXFileReference; fileEncoding = 4; lastKnownFileType = sourcecode.c.objc; path = GraphicsRectangle.m; sourceTree = "<group>"; };
		BCDBAFDD18CEE92E00058B7E /* Simulation.h */ = {isa = PBXFileReference; fileEncoding = 4; lastKnownFileType = sourcecode.c.h; path = Simulation.h; sourceTree = "<group>"; };
		BCDBAFDE18CEE92E00058B7E /* Simulation.m */ = {isa = PBXFileReference; fileEncoding = 4; lastKnownFileType = sourcecode.c.objc; path = Simulation.m; sourceTree = "<group>"; };
		BCDBB02918CFA6A200058B7E /* Camera.h */ = {isa = PBXFileReference; fileEncoding = 4; lastKnownFileType = sourcecode.c.h; path = Camera.h; sourceTree = "<group>"; };
		BCDBB02A18CFA6A200058B7E /* Camera.m */ = {isa = PBXFileReference; fileEncoding = 4; lastKnownFileType = sourcecode.c.objc; path = Camera.m; sourceTree = "<group>"; };
		BCDBB02C18CFC59F00058B7E /* GraphicsTrace.h */ = {isa = PBXFileReference; fileEncoding = 4; lastKnownFileType = sourcecode.c.h; path = GraphicsTrace.h; sourceTree = "<group>"; };
		BCDBB02D18CFC59F00058B7E /* GraphicsTrace.m */ = {isa = PBXFileReference; fileEncoding = 4; lastKnownFileType = sourcecode.c.objc; path = GraphicsTrace.m; sourceTree = "<group>"; };
		BCDBB03518D1758E00058B7E /* basic.fsh */ = {isa = PBXFileReference; fileEncoding = 4; lastKnownFileType = sourcecode.glsl; name = basic.fsh; path = Shaders/basic.fsh; sourceTree = "<group>"; };
		BCDBB03618D1758E00058B7E /* basic.vsh */ = {isa = PBXFileReference; fileEncoding = 4; lastKnownFileType = sourcecode.glsl; name = basic.vsh; path = Shaders/basic.vsh; sourceTree = "<group>"; };
		BCDBB03718D1758E00058B7E /* hblur.fsh */ = {isa = PBXFileReference; fileEncoding = 4; lastKnownFileType = sourcecode.glsl; name = hblur.fsh; path = Shaders/hblur.fsh; sourceTree = "<group>"; };
		BCDBB03B18D2107D00058B7E /* basicTexture.fsh */ = {isa = PBXFileReference; fileEncoding = 4; lastKnownFileType = sourcecode.glsl; path = basicTexture.fsh; sourceTree = "<group>"; };
		BCDBB03D18D2109700058B7E /* basicTexture.vsh */ = {isa = PBXFileReference; fileEncoding = 4; lastKnownFileType = sourcecode.glsl; path = basicTexture.vsh; sourceTree = "<group>"; };
		BCDBB03F18D219A400058B7E /* GraphicsQuad.h */ = {isa = PBXFileReference; fileEncoding = 4; lastKnownFileType = sourcecode.c.h; path = GraphicsQuad.h; sourceTree = "<group>"; };
		BCDBB04018D219A400058B7E /* GraphicsQuad.m */ = {isa = PBXFileReference; fileEncoding = 4; lastKnownFileType = sourcecode.c.objc; path = GraphicsQuad.m; sourceTree = "<group>"; };
		BCDBB04218D21EB800058B7E /* tile_floor.png */ = {isa = PBXFileReference; lastKnownFileType = image.png; path = tile_floor.png; sourceTree = "<group>"; };
		BCDBB04418D25B7B00058B7E /* blur.vsh */ = {isa = PBXFileReference; fileEncoding = 4; lastKnownFileType = sourcecode.glsl; path = blur.vsh; sourceTree = "<group>"; };
		BCDBB04618D25F3E00058B7E /* vblur.fsh */ = {isa = PBXFileReference; fileEncoding = 4; lastKnownFileType = sourcecode.glsl; path = vblur.fsh; sourceTree = "<group>"; };
		BCDBB04818D2F26100058B7E /* Sink.h */ = {isa = PBXFileReference; fileEncoding = 4; lastKnownFileType = sourcecode.c.h; path = Sink.h; sourceTree = "<group>"; };
		BCDBB04918D2F26100058B7E /* Sink.m */ = {isa = PBXFileReference; fileEncoding = 4; lastKnownFileType = sourcecode.c.objc; path = Sink.m; sourceTree = "<group>"; };
		BCDBB04B18D3955500058B7E /* GraphicsCircleOutline.h */ = {isa = PBXFileReference; fileEncoding = 4; lastKnownFileType = sourcecode.c.h; path = GraphicsCircleOutline.h; sourceTree = "<group>"; };
		BCDBB04C18D3955500058B7E /* GraphicsCircleOutline.m */ = {isa = PBXFileReference; fileEncoding = 4; lastKnownFileType = sourcecode.c.objc; path = GraphicsCircleOutline.m; sourceTree = "<group>"; };
		BCDBB04E18D3A4BE00058B7E /* GraphicsArc.h */ = {isa = PBXFileReference; fileEncoding = 4; lastKnownFileType = sourcecode.c.h; path = GraphicsArc.h; sourceTree = "<group>"; };
		BCDBB04F18D3A4BE00058B7E /* GraphicsArc.m */ = {isa = PBXFileReference; fileEncoding = 4; lastKnownFileType = sourcecode.c.objc; path = GraphicsArc.m; sourceTree = "<group>"; };
/* End PBXFileReference section */

/* Begin PBXFrameworksBuildPhase section */
		BC1B38CE18CE2D87004CA208 /* Frameworks */ = {
			isa = PBXFrameworksBuildPhase;
			buildActionMask = 2147483647;
			files = (
				BC1B38DD18CE2D87004CA208 /* OpenGLES.framework in Frameworks */,
				BC1B38D718CE2D87004CA208 /* CoreGraphics.framework in Frameworks */,
				BC1B38D918CE2D87004CA208 /* UIKit.framework in Frameworks */,
				BC1B38DB18CE2D87004CA208 /* GLKit.framework in Frameworks */,
				BC1B38D518CE2D87004CA208 /* Foundation.framework in Frameworks */,
			);
			runOnlyForDeploymentPostprocessing = 0;
		};
		BC1B38F718CE2D87004CA208 /* Frameworks */ = {
			isa = PBXFrameworksBuildPhase;
			buildActionMask = 2147483647;
			files = (
				BC1B38FC18CE2D87004CA208 /* XCTest.framework in Frameworks */,
				BC1B38FE18CE2D87004CA208 /* UIKit.framework in Frameworks */,
				BC1B38FD18CE2D87004CA208 /* Foundation.framework in Frameworks */,
			);
			runOnlyForDeploymentPostprocessing = 0;
		};
/* End PBXFrameworksBuildPhase section */

/* Begin PBXGroup section */
		BC1B38C818CE2D87004CA208 = {
			isa = PBXGroup;
			children = (
				BC0AC37C18DA714F00EDC64A /* item_powerup_fish.png */,
				BC0AC37A18DA558900EDC64A /* glow.png */,
				BCDBB04218D21EB800058B7E /* tile_floor.png */,
				BC1B38DE18CE2D87004CA208 /* carpus */,
				BC688B1018D94F870093E33B /* GameEffects */,
				BC1B38DF18CE2D87004CA208 /* Supporting Files */,
				BC1B390118CE2D87004CA208 /* carpusTests */,
				BC1B38D318CE2D87004CA208 /* Frameworks */,
				BC1B38D218CE2D87004CA208 /* Products */,
			);
			sourceTree = "<group>";
		};
		BC1B38D218CE2D87004CA208 /* Products */ = {
			isa = PBXGroup;
			children = (
				BC1B38D118CE2D87004CA208 /* carpus.app */,
				BC1B38FA18CE2D87004CA208 /* carpusTests.xctest */,
			);
			name = Products;
			sourceTree = "<group>";
		};
		BC1B38D318CE2D87004CA208 /* Frameworks */ = {
			isa = PBXGroup;
			children = (
				BC1B38D418CE2D87004CA208 /* Foundation.framework */,
				BC1B38D618CE2D87004CA208 /* CoreGraphics.framework */,
				BC1B38D818CE2D87004CA208 /* UIKit.framework */,
				BC1B38DA18CE2D87004CA208 /* GLKit.framework */,
				BC1B38DC18CE2D87004CA208 /* OpenGLES.framework */,
				BC1B38FB18CE2D87004CA208 /* XCTest.framework */,
			);
			name = Frameworks;
			sourceTree = "<group>";
		};
		BC1B38DE18CE2D87004CA208 /* carpus */ = {
			isa = PBXGroup;
			children = (
				BC688B1218D950060093E33B /* GameShaders */,
				BC688AFF18D63BDD0093E33B /* iPad */,
				BC1B38E718CE2D87004CA208 /* AppDelegate.h */,
				BC1B38E818CE2D87004CA208 /* AppDelegate.m */,
				BC1B38EA18CE2D87004CA208 /* Main.storyboard */,
				BC1B38F118CE2D87004CA208 /* ViewController.h */,
				BC1B38F218CE2D87004CA208 /* ViewController.m */,
				BC1B38F418CE2D87004CA208 /* Images.xcassets */,
				BC688B1118D94FBB0093E33B /* GameBase */,
				BCDBAFD918CEA0BC00058B7E /* GameObjects */,
				BCDBAFD818CEA08C00058B7E /* GraphicsObjects */,
			);
			path = carpus;
			sourceTree = "<group>";
		};
		BC1B38DF18CE2D87004CA208 /* Supporting Files */ = {
			isa = PBXGroup;
			children = (
				BC1B38E018CE2D87004CA208 /* carpus-Info.plist */,
				BC1B38E118CE2D87004CA208 /* InfoPlist.strings */,
				BC1B38E418CE2D87004CA208 /* main.m */,
				BC1B38E618CE2D87004CA208 /* carpus-Prefix.pch */,
			);
			name = "Supporting Files";
			path = carpus;
			sourceTree = "<group>";
		};
		BC1B390118CE2D87004CA208 /* carpusTests */ = {
			isa = PBXGroup;
			children = (
				BC1B390718CE2D87004CA208 /* carpusTests.m */,
				BC1B390218CE2D87004CA208 /* Supporting Files */,
			);
			path = carpusTests;
			sourceTree = "<group>";
		};
		BC1B390218CE2D87004CA208 /* Supporting Files */ = {
			isa = PBXGroup;
			children = (
				BC1B390318CE2D87004CA208 /* carpusTests-Info.plist */,
				BC1B390418CE2D87004CA208 /* InfoPlist.strings */,
			);
			name = "Supporting Files";
			sourceTree = "<group>";
		};
		BC688AFF18D63BDD0093E33B /* iPad */ = {
			isa = PBXGroup;
			children = (
			);
			name = iPad;
			sourceTree = "<group>";
		};
		BC688B1018D94F870093E33B /* GameEffects */ = {
			isa = PBXGroup;
			children = (
				BC688B0718D904EE0093E33B /* BackgroundGrid.h */,
				BC688B0818D904EE0093E33B /* BackgroundGrid.m */,
				BC688B1318D950CB0093E33B /* ParticleSystem.h */,
				BC688B1418D950CB0093E33B /* ParticleSystem.m */,
			);
			name = GameEffects;
			path = carpus;
			sourceTree = "<group>";
		};
		BC688B1118D94FBB0093E33B /* GameBase */ = {
			isa = PBXGroup;
			children = (
				BCDBB02918CFA6A200058B7E /* Camera.h */,
				BCDBB02A18CFA6A200058B7E /* Camera.m */,
				BC688B1618D9518A0093E33B /* GameColor.h */,
				BC688B1718D9518A0093E33B /* GameColor.m */,
				BC01C1ED18DDF4FD0056DB22 /* GridWall.h */,
				BC01C1EE18DDF4FD0056DB22 /* GridWall.m */,
				BC01C1FB18DFB60D0056DB22 /* PointMass.h */,
				BC01C1FC18DFB60D0056DB22 /* PointMass.m */,
				BCDBAFDD18CEE92E00058B7E /* Simulation.h */,
				BCDBAFDE18CEE92E00058B7E /* Simulation.m */,
				BCAA521618DFB84A00CAF556 /* Spring.h */,
				BCAA521718DFB84A00CAF556 /* Spring.m */,
				BC1B391718CE3744004CA208 /* Vector2D.h */,
				BC1B391818CE3744004CA208 /* Vector2D.m */,
			);
			name = GameBase;
			sourceTree = "<group>";
		};
		BC688B1218D950060093E33B /* GameShaders */ = {
			isa = PBXGroup;
			children = (
				BCDBB03B18D2107D00058B7E /* basicTexture.fsh */,
				BCDBB03D18D2109700058B7E /* basicTexture.vsh */,
				BCDBB03518D1758E00058B7E /* basic.fsh */,
				BCDBB03618D1758E00058B7E /* basic.vsh */,
				BC688B0518D8B9950093E33B /* fastblur.fsh */,
				BC688B0318D8B9770093E33B /* fastblur.vsh */,
				BCDBB03718D1758E00058B7E /* hblur.fsh */,
				BCDBB04618D25F3E00058B7E /* vblur.fsh */,
				BCDBB04418D25B7B00058B7E /* blur.vsh */,
				BC1B38ED18CE2D87004CA208 /* Shader.fsh */,
				BC1B38EF18CE2D87004CA208 /* Shader.vsh */,
				BC01C1F618DF78BB0056DB22 /* nebula.fsh */,
				BC01C1F818DF7E960056DB22 /* fire.fsh */,
			);
			name = GameShaders;
			sourceTree = "<group>";
		};
		BCDBAFD818CEA08C00058B7E /* GraphicsObjects */ = {
			isa = PBXGroup;
			children = (
				BC1B391118CE34AC004CA208 /* GraphicsCircle.h */,
				BC1B391218CE34AC004CA208 /* GraphicsCircle.m */,
				BCDBB04B18D3955500058B7E /* GraphicsCircleOutline.h */,
				BCDBB04C18D3955500058B7E /* GraphicsCircleOutline.m */,
				BCDBAFDA18CEA0FD00058B7E /* GraphicsRectangle.h */,
				BCDBAFDB18CEA0FD00058B7E /* GraphicsRectangle.m */,
				BCDBB02C18CFC59F00058B7E /* GraphicsTrace.h */,
				BCDBB02D18CFC59F00058B7E /* GraphicsTrace.m */,
				BCDBB03F18D219A400058B7E /* GraphicsQuad.h */,
				BCDBB04018D219A400058B7E /* GraphicsQuad.m */,
				BCDBB04E18D3A4BE00058B7E /* GraphicsArc.h */,
				BCDBB04F18D3A4BE00058B7E /* GraphicsArc.m */,
				BC688B0D18D90E670093E33B /* GraphicsBucket.h */,
				BC688B0E18D90E670093E33B /* GraphicsBucket.m */,
				BC688B1918DA36B40093E33B /* GraphicsLine.h */,
				BC688B1A18DA36B40093E33B /* GraphicsLine.m */,
				BCAA521918E023B700CAF556 /* GraphicsWarpGridLine.h */,
				BCAA521A18E023B700CAF556 /* GraphicsWarpGridLine.m */,
			);
			name = GraphicsObjects;
			path = ..;
			sourceTree = "<group>";
		};
		BCDBAFD918CEA0BC00058B7E /* GameObjects */ = {
			isa = PBXGroup;
			children = (
				BC01C1EA18DDF4D30056DB22 /* GameGrid.h */,
				BC01C1EB18DDF4D30056DB22 /* GameGrid.m */,
				BC1B391418CE367B004CA208 /* Particle.h */,
				BC1B391518CE367B004CA208 /* Particle.m */,
				BCDBAFD518CE92E000058B7E /* Rectangle.h */,
				BCDBAFD618CE92E000058B7E /* Rectangle.m */,
				BCDBB04818D2F26100058B7E /* Sink.h */,
				BCDBB04918D2F26100058B7E /* Sink.m */,
				BCDBAFD218CE928A00058B7E /* Source.h */,
				BCDBAFD318CE928A00058B7E /* Source.m */,
				BC688B0018D664140093E33B /* Influencer.h */,
				BC688B0118D664140093E33B /* Influencer.m */,
				BC688B0A18D906460093E33B /* Bucket.h */,
				BC688B0B18D906460093E33B /* Bucket.m */,
				BC01C1F018DE4E230056DB22 /* Obstacle.h */,
				BC01C1F118DE4E230056DB22 /* Obstacle.m */,
				BC01C1F318DF4D300056DB22 /* Portal.h */,
				BC01C1F418DF4D300056DB22 /* Portal.m */,
			);
			name = GameObjects;
			sourceTree = "<group>";
		};
/* End PBXGroup section */

/* Begin PBXNativeTarget section */
		BC1B38D018CE2D87004CA208 /* carpus */ = {
			isa = PBXNativeTarget;
			buildConfigurationList = BC1B390B18CE2D87004CA208 /* Build configuration list for PBXNativeTarget "carpus" */;
			buildPhases = (
				BC1B38CD18CE2D87004CA208 /* Sources */,
				BC1B38CE18CE2D87004CA208 /* Frameworks */,
				BC1B38CF18CE2D87004CA208 /* Resources */,
			);
			buildRules = (
			);
			dependencies = (
			);
			name = carpus;
			productName = carpus;
			productReference = BC1B38D118CE2D87004CA208 /* carpus.app */;
			productType = "com.apple.product-type.application";
		};
		BC1B38F918CE2D87004CA208 /* carpusTests */ = {
			isa = PBXNativeTarget;
			buildConfigurationList = BC1B390E18CE2D87004CA208 /* Build configuration list for PBXNativeTarget "carpusTests" */;
			buildPhases = (
				BC1B38F618CE2D87004CA208 /* Sources */,
				BC1B38F718CE2D87004CA208 /* Frameworks */,
				BC1B38F818CE2D87004CA208 /* Resources */,
			);
			buildRules = (
			);
			dependencies = (
				BC1B390018CE2D87004CA208 /* PBXTargetDependency */,
			);
			name = carpusTests;
			productName = carpusTests;
			productReference = BC1B38FA18CE2D87004CA208 /* carpusTests.xctest */;
			productType = "com.apple.product-type.bundle.unit-test";
		};
/* End PBXNativeTarget section */

/* Begin PBXProject section */
		BC1B38C918CE2D87004CA208 /* Project object */ = {
			isa = PBXProject;
			attributes = {
				LastUpgradeCheck = 0510;
				ORGANIZATIONNAME = Jeff.Lutzenberger;
				TargetAttributes = {
					BC1B38D018CE2D87004CA208 = {
						DevelopmentTeam = RBK49EE84F;
					};
					BC1B38F918CE2D87004CA208 = {
						TestTargetID = BC1B38D018CE2D87004CA208;
					};
				};
			};
			buildConfigurationList = BC1B38CC18CE2D87004CA208 /* Build configuration list for PBXProject "carpus" */;
			compatibilityVersion = "Xcode 3.2";
			developmentRegion = English;
			hasScannedForEncodings = 0;
			knownRegions = (
				en,
				Base,
			);
			mainGroup = BC1B38C818CE2D87004CA208;
			productRefGroup = BC1B38D218CE2D87004CA208 /* Products */;
			projectDirPath = "";
			projectRoot = "";
			targets = (
				BC1B38D018CE2D87004CA208 /* carpus */,
				BC1B38F918CE2D87004CA208 /* carpusTests */,
			);
		};
/* End PBXProject section */

/* Begin PBXResourcesBuildPhase section */
		BC1B38CF18CE2D87004CA208 /* Resources */ = {
			isa = PBXResourcesBuildPhase;
			buildActionMask = 2147483647;
			files = (
				BCDBB04718D25F3E00058B7E /* vblur.fsh in Resources */,
				BC0AC37D18DA714F00EDC64A /* item_powerup_fish.png in Resources */,
				BCDBB04518D25B7B00058B7E /* blur.vsh in Resources */,
				BC01C1F918DF7E960056DB22 /* fire.fsh in Resources */,
				BC688B0618D8B9950093E33B /* fastblur.fsh in Resources */,
				BCDBB03E18D2109700058B7E /* basicTexture.vsh in Resources */,
				BC0AC37B18DA558900EDC64A /* glow.png in Resources */,
				BC01C1F718DF78BB0056DB22 /* nebula.fsh in Resources */,
				BCDBB03C18D2107D00058B7E /* basicTexture.fsh in Resources */,
				BC688B0418D8B9770093E33B /* fastblur.vsh in Resources */,
				BCDBB03918D1758E00058B7E /* basic.vsh in Resources */,
				BCDBB03A18D1758E00058B7E /* hblur.fsh in Resources */,
				BCDBB03818D1758E00058B7E /* basic.fsh in Resources */,
				BC1B38F018CE2D87004CA208 /* Shader.vsh in Resources */,
				BC1B38F518CE2D87004CA208 /* Images.xcassets in Resources */,
				BC1B38EE18CE2D87004CA208 /* Shader.fsh in Resources */,
				BC1B38E318CE2D87004CA208 /* InfoPlist.strings in Resources */,
				BC1B38EC18CE2D87004CA208 /* Main.storyboard in Resources */,
				BCDBB04318D21EB800058B7E /* tile_floor.png in Resources */,
			);
			runOnlyForDeploymentPostprocessing = 0;
		};
		BC1B38F818CE2D87004CA208 /* Resources */ = {
			isa = PBXResourcesBuildPhase;
			buildActionMask = 2147483647;
			files = (
				BC1B390618CE2D87004CA208 /* InfoPlist.strings in Resources */,
			);
			runOnlyForDeploymentPostprocessing = 0;
		};
/* End PBXResourcesBuildPhase section */

/* Begin PBXSourcesBuildPhase section */
		BC1B38CD18CE2D87004CA208 /* Sources */ = {
			isa = PBXSourcesBuildPhase;
			buildActionMask = 2147483647;
			files = (
				BCDBAFDF18CEE92E00058B7E /* Simulation.m in Sources */,
				BC688B1818D9518A0093E33B /* GameColor.m in Sources */,
				BCAA521818DFB84A00CAF556 /* Spring.m in Sources */,
				BCDBAFDC18CEA0FD00058B7E /* GraphicsRectangle.m in Sources */,
				BCDBB02E18CFC59F00058B7E /* GraphicsTrace.m in Sources */,
				BC688B0218D664140093E33B /* Influencer.m in Sources */,
				BC01C1EC18DDF4D30056DB22 /* GameGrid.m in Sources */,
				BC1B38F318CE2D87004CA208 /* ViewController.m in Sources */,
				BCAA521B18E023B700CAF556 /* GraphicsWarpGridLine.m in Sources */,
				BCDBB04118D219A400058B7E /* GraphicsQuad.m in Sources */,
				BC1B38E918CE2D87004CA208 /* AppDelegate.m in Sources */,
				BC688B0918D904EE0093E33B /* BackgroundGrid.m in Sources */,
				BCDBAFD418CE928B00058B7E /* Source.m in Sources */,
				BCDBAFD718CE92E000058B7E /* Rectangle.m in Sources */,
				BC01C1FD18DFB60D0056DB22 /* PointMass.m in Sources */,
				BC688B0F18D90E670093E33B /* GraphicsBucket.m in Sources */,
				BCDBB04A18D2F26100058B7E /* Sink.m in Sources */,
				BCDBB04D18D3955500058B7E /* GraphicsCircleOutline.m in Sources */,
				BC01C1F518DF4D300056DB22 /* Portal.m in Sources */,
				BCDBB02B18CFA6A200058B7E /* Camera.m in Sources */,
				BC01C1F218DE4E230056DB22 /* Obstacle.m in Sources */,
				BC1B391318CE34AC004CA208 /* GraphicsCircle.m in Sources */,
				BC688B0C18D906460093E33B /* Bucket.m in Sources */,
				BC01C1EF18DDF4FD0056DB22 /* GridWall.m in Sources */,
				BC1B391618CE367B004CA208 /* Particle.m in Sources */,
				BC1B391918CE3744004CA208 /* Vector2D.m in Sources */,
				BC688B1518D950CB0093E33B /* ParticleSystem.m in Sources */,
				BC1B38E518CE2D87004CA208 /* main.m in Sources */,
				BCDBB05018D3A4BE00058B7E /* GraphicsArc.m in Sources */,
				BC688B1B18DA36B40093E33B /* GraphicsLine.m in Sources */,
			);
			runOnlyForDeploymentPostprocessing = 0;
		};
		BC1B38F618CE2D87004CA208 /* Sources */ = {
			isa = PBXSourcesBuildPhase;
			buildActionMask = 2147483647;
			files = (
				BC1B390818CE2D87004CA208 /* carpusTests.m in Sources */,
			);
			runOnlyForDeploymentPostprocessing = 0;
		};
/* End PBXSourcesBuildPhase section */

/* Begin PBXTargetDependency section */
		BC1B390018CE2D87004CA208 /* PBXTargetDependency */ = {
			isa = PBXTargetDependency;
			target = BC1B38D018CE2D87004CA208 /* carpus */;
			targetProxy = BC1B38FF18CE2D87004CA208 /* PBXContainerItemProxy */;
		};
/* End PBXTargetDependency section */

/* Begin PBXVariantGroup section */
		BC1B38E118CE2D87004CA208 /* InfoPlist.strings */ = {
			isa = PBXVariantGroup;
			children = (
				BC1B38E218CE2D87004CA208 /* en */,
			);
			name = InfoPlist.strings;
			sourceTree = "<group>";
		};
		BC1B38EA18CE2D87004CA208 /* Main.storyboard */ = {
			isa = PBXVariantGroup;
			children = (
				BC1B38EB18CE2D87004CA208 /* Base */,
			);
			name = Main.storyboard;
			sourceTree = "<group>";
		};
		BC1B390418CE2D87004CA208 /* InfoPlist.strings */ = {
			isa = PBXVariantGroup;
			children = (
				BC1B390518CE2D87004CA208 /* en */,
			);
			name = InfoPlist.strings;
			sourceTree = "<group>";
		};
/* End PBXVariantGroup section */

/* Begin XCBuildConfiguration section */
		BC1B390918CE2D87004CA208 /* Debug */ = {
			isa = XCBuildConfiguration;
			buildSettings = {
				ALWAYS_SEARCH_USER_PATHS = NO;
				CLANG_CXX_LANGUAGE_STANDARD = "gnu++0x";
				CLANG_CXX_LIBRARY = "libc++";
				CLANG_ENABLE_MODULES = YES;
				CLANG_ENABLE_OBJC_ARC = YES;
				CLANG_WARN_BOOL_CONVERSION = YES;
				CLANG_WARN_CONSTANT_CONVERSION = YES;
				CLANG_WARN_DIRECT_OBJC_ISA_USAGE = YES_ERROR;
				CLANG_WARN_EMPTY_BODY = YES;
				CLANG_WARN_ENUM_CONVERSION = YES;
				CLANG_WARN_INT_CONVERSION = YES;
				CLANG_WARN_OBJC_ROOT_CLASS = YES_ERROR;
				CLANG_WARN__DUPLICATE_METHOD_MATCH = YES;
				"CODE_SIGN_IDENTITY[sdk=iphoneos*]" = "iPhone Developer";
				COPY_PHASE_STRIP = NO;
				GCC_C_LANGUAGE_STANDARD = gnu99;
				GCC_DYNAMIC_NO_PIC = NO;
				GCC_OPTIMIZATION_LEVEL = 0;
				GCC_PREPROCESSOR_DEFINITIONS = (
					"DEBUG=1",
					"$(inherited)",
				);
				GCC_SYMBOLS_PRIVATE_EXTERN = NO;
				GCC_WARN_64_TO_32_BIT_CONVERSION = YES;
				GCC_WARN_ABOUT_RETURN_TYPE = YES_ERROR;
				GCC_WARN_UNDECLARED_SELECTOR = YES;
				GCC_WARN_UNINITIALIZED_AUTOS = YES;
				GCC_WARN_UNUSED_FUNCTION = YES;
				GCC_WARN_UNUSED_VARIABLE = YES;
				IPHONEOS_DEPLOYMENT_TARGET = 7.0;
				ONLY_ACTIVE_ARCH = YES;
				SDKROOT = iphoneos;
			};
			name = Debug;
		};
		BC1B390A18CE2D87004CA208 /* Release */ = {
			isa = XCBuildConfiguration;
			buildSettings = {
				ALWAYS_SEARCH_USER_PATHS = NO;
				CLANG_CXX_LANGUAGE_STANDARD = "gnu++0x";
				CLANG_CXX_LIBRARY = "libc++";
				CLANG_ENABLE_MODULES = YES;
				CLANG_ENABLE_OBJC_ARC = YES;
				CLANG_WARN_BOOL_CONVERSION = YES;
				CLANG_WARN_CONSTANT_CONVERSION = YES;
				CLANG_WARN_DIRECT_OBJC_ISA_USAGE = YES_ERROR;
				CLANG_WARN_EMPTY_BODY = YES;
				CLANG_WARN_ENUM_CONVERSION = YES;
				CLANG_WARN_INT_CONVERSION = YES;
				CLANG_WARN_OBJC_ROOT_CLASS = YES_ERROR;
				CLANG_WARN__DUPLICATE_METHOD_MATCH = YES;
				"CODE_SIGN_IDENTITY[sdk=iphoneos*]" = "iPhone Developer";
				COPY_PHASE_STRIP = YES;
				ENABLE_NS_ASSERTIONS = NO;
				GCC_C_LANGUAGE_STANDARD = gnu99;
				GCC_WARN_64_TO_32_BIT_CONVERSION = YES;
				GCC_WARN_ABOUT_RETURN_TYPE = YES_ERROR;
				GCC_WARN_UNDECLARED_SELECTOR = YES;
				GCC_WARN_UNINITIALIZED_AUTOS = YES;
				GCC_WARN_UNUSED_FUNCTION = YES;
				GCC_WARN_UNUSED_VARIABLE = YES;
				IPHONEOS_DEPLOYMENT_TARGET = 7.0;
				SDKROOT = iphoneos;
				VALIDATE_PRODUCT = YES;
			};
			name = Release;
		};
		BC1B390C18CE2D87004CA208 /* Debug */ = {
			isa = XCBuildConfiguration;
			buildSettings = {
				ASSETCATALOG_COMPILER_APPICON_NAME = AppIcon;
				ASSETCATALOG_COMPILER_LAUNCHIMAGE_NAME = LaunchImage;
				CODE_SIGN_IDENTITY = "iPhone Developer";
				"CODE_SIGN_IDENTITY[sdk=iphoneos*]" = "iPhone Developer";
				GCC_PRECOMPILE_PREFIX_HEADER = YES;
				GCC_PREFIX_HEADER = "carpus/carpus-Prefix.pch";
				INFOPLIST_FILE = "carpus/carpus-Info.plist";
				IPHONEOS_DEPLOYMENT_TARGET = 7.0;
				PRODUCT_NAME = "$(TARGET_NAME)";
				PROVISIONING_PROFILE = "";
				TARGETED_DEVICE_FAMILY = 2;
				WRAPPER_EXTENSION = app;
			};
			name = Debug;
		};
		BC1B390D18CE2D87004CA208 /* Release */ = {
			isa = XCBuildConfiguration;
			buildSettings = {
				ASSETCATALOG_COMPILER_APPICON_NAME = AppIcon;
				ASSETCATALOG_COMPILER_LAUNCHIMAGE_NAME = LaunchImage;
				CODE_SIGN_IDENTITY = "iPhone Developer";
				"CODE_SIGN_IDENTITY[sdk=iphoneos*]" = "iPhone Developer";
				GCC_PRECOMPILE_PREFIX_HEADER = YES;
				GCC_PREFIX_HEADER = "carpus/carpus-Prefix.pch";
				INFOPLIST_FILE = "carpus/carpus-Info.plist";
				IPHONEOS_DEPLOYMENT_TARGET = 7.0;
				PRODUCT_NAME = "$(TARGET_NAME)";
				PROVISIONING_PROFILE = "";
				TARGETED_DEVICE_FAMILY = 2;
				WRAPPER_EXTENSION = app;
			};
			name = Release;
		};
		BC1B390F18CE2D87004CA208 /* Debug */ = {
			isa = XCBuildConfiguration;
			buildSettings = {
				BUNDLE_LOADER = "$(BUILT_PRODUCTS_DIR)/carpus.app/carpus";
				FRAMEWORK_SEARCH_PATHS = (
					"$(SDKROOT)/Developer/Library/Frameworks",
					"$(inherited)",
					"$(DEVELOPER_FRAMEWORKS_DIR)",
				);
				GCC_PRECOMPILE_PREFIX_HEADER = YES;
				GCC_PREFIX_HEADER = "carpus/carpus-Prefix.pch";
				GCC_PREPROCESSOR_DEFINITIONS = (
					"DEBUG=1",
					"$(inherited)",
				);
				INFOPLIST_FILE = "carpusTests/carpusTests-Info.plist";
				PRODUCT_NAME = "$(TARGET_NAME)";
				TEST_HOST = "$(BUNDLE_LOADER)";
				WRAPPER_EXTENSION = xctest;
			};
			name = Debug;
		};
		BC1B391018CE2D87004CA208 /* Release */ = {
			isa = XCBuildConfiguration;
			buildSettings = {
				BUNDLE_LOADER = "$(BUILT_PRODUCTS_DIR)/carpus.app/carpus";
				FRAMEWORK_SEARCH_PATHS = (
					"$(SDKROOT)/Developer/Library/Frameworks",
					"$(inherited)",
					"$(DEVELOPER_FRAMEWORKS_DIR)",
				);
				GCC_PRECOMPILE_PREFIX_HEADER = YES;
				GCC_PREFIX_HEADER = "carpus/carpus-Prefix.pch";
				INFOPLIST_FILE = "carpusTests/carpusTests-Info.plist";
				PRODUCT_NAME = "$(TARGET_NAME)";
				TEST_HOST = "$(BUNDLE_LOADER)";
				WRAPPER_EXTENSION = xctest;
			};
			name = Release;
		};
/* End XCBuildConfiguration section */

/* Begin XCConfigurationList section */
		BC1B38CC18CE2D87004CA208 /* Build configuration list for PBXProject "carpus" */ = {
			isa = XCConfigurationList;
			buildConfigurations = (
				BC1B390918CE2D87004CA208 /* Debug */,
				BC1B390A18CE2D87004CA208 /* Release */,
			);
			defaultConfigurationIsVisible = 0;
			defaultConfigurationName = Release;
		};
		BC1B390B18CE2D87004CA208 /* Build configuration list for PBXNativeTarget "carpus" */ = {
			isa = XCConfigurationList;
			buildConfigurations = (
				BC1B390C18CE2D87004CA208 /* Debug */,
				BC1B390D18CE2D87004CA208 /* Release */,
			);
			defaultConfigurationIsVisible = 0;
			defaultConfigurationName = Release;
		};
		BC1B390E18CE2D87004CA208 /* Build configuration list for PBXNativeTarget "carpusTests" */ = {
			isa = XCConfigurationList;
			buildConfigurations = (
				BC1B390F18CE2D87004CA208 /* Debug */,
				BC1B391018CE2D87004CA208 /* Release */,
			);
			defaultConfigurationIsVisible = 0;
			defaultConfigurationName = Release;
		};
/* End XCConfigurationList section */
	};
	rootObject = BC1B38C918CE2D87004CA208 /* Project object */;
}
